// !$*UTF8*$!
{
	archiveVersion = 1;
	classes = {
	};
	objectVersion = 55;
	objects = {

/* Begin PBXBuildFile section */
		B918EB8D27DF7D7200911743 /* AlbumCollectionListPresenter.swift in Sources */ = {isa = PBXBuildFile; fileRef = B918EB8727DF7D7200911743 /* AlbumCollectionListPresenter.swift */; };
		B918EB8E27DF7D7200911743 /* AlbumCollectionListProtocols.swift in Sources */ = {isa = PBXBuildFile; fileRef = B918EB8827DF7D7200911743 /* AlbumCollectionListProtocols.swift */; };
		B918EB8F27DF7D7200911743 /* AlbumCollectionListInteractor.swift in Sources */ = {isa = PBXBuildFile; fileRef = B918EB8927DF7D7200911743 /* AlbumCollectionListInteractor.swift */; };
		B918EB9027DF7D7200911743 /* AlbumCollectionListView.swift in Sources */ = {isa = PBXBuildFile; fileRef = B918EB8A27DF7D7200911743 /* AlbumCollectionListView.swift */; };
		B918EB9227DF7D7200911743 /* AlbumCollectionListWireframe.swift in Sources */ = {isa = PBXBuildFile; fileRef = B918EB8C27DF7D7200911743 /* AlbumCollectionListWireframe.swift */; };
		B918EB9427DF7DF500911743 /* UIViewControllerExtension.swift in Sources */ = {isa = PBXBuildFile; fileRef = B918EB9327DF7DF500911743 /* UIViewControllerExtension.swift */; };
		B918EB9627DF7E1900911743 /* StoryboardExtension.swift in Sources */ = {isa = PBXBuildFile; fileRef = B918EB9527DF7E1900911743 /* StoryboardExtension.swift */; };
		B918EB9827DF7F9600911743 /* BaseRequest.swift in Sources */ = {isa = PBXBuildFile; fileRef = B918EB9727DF7F9600911743 /* BaseRequest.swift */; };
		B918EB9B27DF836400911743 /* AlbumColletionDataSource.swift in Sources */ = {isa = PBXBuildFile; fileRef = B918EB9A27DF836400911743 /* AlbumColletionDataSource.swift */; };
		B918EB9D27DF846F00911743 /* ImageViewCell.swift in Sources */ = {isa = PBXBuildFile; fileRef = B918EB9C27DF846F00911743 /* ImageViewCell.swift */; };
		B918EB9F27DFD7CF00911743 /* CacheImage.swift in Sources */ = {isa = PBXBuildFile; fileRef = B918EB9E27DFD7CF00911743 /* CacheImage.swift */; };
		B918EBA127DFD89200911743 /* UIImageExtensions.swift in Sources */ = {isa = PBXBuildFile; fileRef = B918EBA027DFD89100911743 /* UIImageExtensions.swift */; };
		B92810BA27DD33F1009973A7 /* AppDelegate.swift in Sources */ = {isa = PBXBuildFile; fileRef = B92810B927DD33F1009973A7 /* AppDelegate.swift */; };
		B92810BC27DD33F1009973A7 /* SceneDelegate.swift in Sources */ = {isa = PBXBuildFile; fileRef = B92810BB27DD33F1009973A7 /* SceneDelegate.swift */; };
		B92810BE27DD33F1009973A7 /* HomeView.swift in Sources */ = {isa = PBXBuildFile; fileRef = B92810BD27DD33F1009973A7 /* HomeView.swift */; };
		B92810C127DD33F1009973A7 /* Main.storyboard in Resources */ = {isa = PBXBuildFile; fileRef = B92810BF27DD33F1009973A7 /* Main.storyboard */; };
		B92810C327DD33F3009973A7 /* Assets.xcassets in Resources */ = {isa = PBXBuildFile; fileRef = B92810C227DD33F3009973A7 /* Assets.xcassets */; };
		B92810C627DD33F3009973A7 /* LaunchScreen.storyboard in Resources */ = {isa = PBXBuildFile; fileRef = B92810C427DD33F3009973A7 /* LaunchScreen.storyboard */; };
		B92810D127DD33F3009973A7 /* fetchImagesTests.swift in Sources */ = {isa = PBXBuildFile; fileRef = B92810D027DD33F3009973A7 /* fetchImagesTests.swift */; };
		B92810DB27DD33F3009973A7 /* fetchImagesUITests.swift in Sources */ = {isa = PBXBuildFile; fileRef = B92810DA27DD33F3009973A7 /* fetchImagesUITests.swift */; };
		B92810DD27DD33F3009973A7 /* fetchImagesUITestsLaunchTests.swift in Sources */ = {isa = PBXBuildFile; fileRef = B92810DC27DD33F3009973A7 /* fetchImagesUITestsLaunchTests.swift */; };
		B92810EA27DD34F1009973A7 /* EndpointType.swift in Sources */ = {isa = PBXBuildFile; fileRef = B92810E927DD34F1009973A7 /* EndpointType.swift */; };
		B92810EE27DD3590009973A7 /* StringsHelper.swift in Sources */ = {isa = PBXBuildFile; fileRef = B92810ED27DD3590009973A7 /* StringsHelper.swift */; };
		B92810F427DD37F5009973A7 /* ImageRequest.swift in Sources */ = {isa = PBXBuildFile; fileRef = B92810F327DD37F5009973A7 /* ImageRequest.swift */; };
		B92810F727DD3C6F009973A7 /* ImageSearchResult.swift in Sources */ = {isa = PBXBuildFile; fileRef = B92810F627DD3C6F009973A7 /* ImageSearchResult.swift */; };
		B92810FA27DD4457009973A7 /* ImageSearchViewModel.swift in Sources */ = {isa = PBXBuildFile; fileRef = B92810F927DD4457009973A7 /* ImageSearchViewModel.swift */; };
		B92810FE27DE5D6A009973A7 /* ImageLoader.swift in Sources */ = {isa = PBXBuildFile; fileRef = B92810FD27DE5D6A009973A7 /* ImageLoader.swift */; };
		B928110027DE5D74009973A7 /* AsyncImageView.swift in Sources */ = {isa = PBXBuildFile; fileRef = B92810FF27DE5D74009973A7 /* AsyncImageView.swift */; };
		B928110227DE5F4E009973A7 /* SpinnerLoading.swift in Sources */ = {isa = PBXBuildFile; fileRef = B928110127DE5EDB009973A7 /* SpinnerLoading.swift */; };
/* End PBXBuildFile section */

/* Begin PBXContainerItemProxy section */
		B92810CD27DD33F3009973A7 /* PBXContainerItemProxy */ = {
			isa = PBXContainerItemProxy;
			containerPortal = B92810AE27DD33F0009973A7 /* Project object */;
			proxyType = 1;
			remoteGlobalIDString = B92810B527DD33F0009973A7;
			remoteInfo = fetchImages;
		};
		B92810D727DD33F3009973A7 /* PBXContainerItemProxy */ = {
			isa = PBXContainerItemProxy;
			containerPortal = B92810AE27DD33F0009973A7 /* Project object */;
			proxyType = 1;
			remoteGlobalIDString = B92810B527DD33F0009973A7;
			remoteInfo = fetchImages;
		};
/* End PBXContainerItemProxy section */

/* Begin PBXFileReference section */
		B918EB8727DF7D7200911743 /* AlbumCollectionListPresenter.swift */ = {isa = PBXFileReference; lastKnownFileType = sourcecode.swift; path = AlbumCollectionListPresenter.swift; sourceTree = "<group>"; };
		B918EB8827DF7D7200911743 /* AlbumCollectionListProtocols.swift */ = {isa = PBXFileReference; lastKnownFileType = sourcecode.swift; path = AlbumCollectionListProtocols.swift; sourceTree = "<group>"; };
		B918EB8927DF7D7200911743 /* AlbumCollectionListInteractor.swift */ = {isa = PBXFileReference; lastKnownFileType = sourcecode.swift; path = AlbumCollectionListInteractor.swift; sourceTree = "<group>"; };
		B918EB8A27DF7D7200911743 /* AlbumCollectionListView.swift */ = {isa = PBXFileReference; lastKnownFileType = sourcecode.swift; path = AlbumCollectionListView.swift; sourceTree = "<group>"; };
		B918EB8C27DF7D7200911743 /* AlbumCollectionListWireframe.swift */ = {isa = PBXFileReference; lastKnownFileType = sourcecode.swift; path = AlbumCollectionListWireframe.swift; sourceTree = "<group>"; };
		B918EB9327DF7DF500911743 /* UIViewControllerExtension.swift */ = {isa = PBXFileReference; lastKnownFileType = sourcecode.swift; path = UIViewControllerExtension.swift; sourceTree = "<group>"; };
		B918EB9527DF7E1900911743 /* StoryboardExtension.swift */ = {isa = PBXFileReference; lastKnownFileType = sourcecode.swift; path = StoryboardExtension.swift; sourceTree = "<group>"; };
		B918EB9727DF7F9600911743 /* BaseRequest.swift */ = {isa = PBXFileReference; lastKnownFileType = sourcecode.swift; path = BaseRequest.swift; sourceTree = "<group>"; };
		B918EB9A27DF836400911743 /* AlbumColletionDataSource.swift */ = {isa = PBXFileReference; lastKnownFileType = sourcecode.swift; path = AlbumColletionDataSource.swift; sourceTree = "<group>"; };
		B918EB9C27DF846F00911743 /* ImageViewCell.swift */ = {isa = PBXFileReference; lastKnownFileType = sourcecode.swift; path = ImageViewCell.swift; sourceTree = "<group>"; };
		B918EB9E27DFD7CF00911743 /* CacheImage.swift */ = {isa = PBXFileReference; lastKnownFileType = sourcecode.swift; path = CacheImage.swift; sourceTree = "<group>"; };
		B918EBA027DFD89100911743 /* UIImageExtensions.swift */ = {isa = PBXFileReference; lastKnownFileType = sourcecode.swift; path = UIImageExtensions.swift; sourceTree = "<group>"; };
		B92810B627DD33F0009973A7 /* fetchImages.app */ = {isa = PBXFileReference; explicitFileType = wrapper.application; includeInIndex = 0; path = fetchImages.app; sourceTree = BUILT_PRODUCTS_DIR; };
		B92810B927DD33F1009973A7 /* AppDelegate.swift */ = {isa = PBXFileReference; lastKnownFileType = sourcecode.swift; path = AppDelegate.swift; sourceTree = "<group>"; };
		B92810BB27DD33F1009973A7 /* SceneDelegate.swift */ = {isa = PBXFileReference; lastKnownFileType = sourcecode.swift; path = SceneDelegate.swift; sourceTree = "<group>"; };
		B92810BD27DD33F1009973A7 /* HomeView.swift */ = {isa = PBXFileReference; lastKnownFileType = sourcecode.swift; path = HomeView.swift; sourceTree = "<group>"; };
		B92810C027DD33F1009973A7 /* Base */ = {isa = PBXFileReference; lastKnownFileType = file.storyboard; name = Base; path = Base.lproj/Main.storyboard; sourceTree = "<group>"; };
		B92810C227DD33F3009973A7 /* Assets.xcassets */ = {isa = PBXFileReference; lastKnownFileType = folder.assetcatalog; path = Assets.xcassets; sourceTree = "<group>"; };
		B92810C527DD33F3009973A7 /* Base */ = {isa = PBXFileReference; lastKnownFileType = file.storyboard; name = Base; path = Base.lproj/LaunchScreen.storyboard; sourceTree = "<group>"; };
		B92810C727DD33F3009973A7 /* Info.plist */ = {isa = PBXFileReference; lastKnownFileType = text.plist.xml; path = Info.plist; sourceTree = "<group>"; };
		B92810CC27DD33F3009973A7 /* fetchImagesTests.xctest */ = {isa = PBXFileReference; explicitFileType = wrapper.cfbundle; includeInIndex = 0; path = fetchImagesTests.xctest; sourceTree = BUILT_PRODUCTS_DIR; };
		B92810D027DD33F3009973A7 /* fetchImagesTests.swift */ = {isa = PBXFileReference; lastKnownFileType = sourcecode.swift; path = fetchImagesTests.swift; sourceTree = "<group>"; };
		B92810D627DD33F3009973A7 /* fetchImagesUITests.xctest */ = {isa = PBXFileReference; explicitFileType = wrapper.cfbundle; includeInIndex = 0; path = fetchImagesUITests.xctest; sourceTree = BUILT_PRODUCTS_DIR; };
		B92810DA27DD33F3009973A7 /* fetchImagesUITests.swift */ = {isa = PBXFileReference; lastKnownFileType = sourcecode.swift; path = fetchImagesUITests.swift; sourceTree = "<group>"; };
		B92810DC27DD33F3009973A7 /* fetchImagesUITestsLaunchTests.swift */ = {isa = PBXFileReference; lastKnownFileType = sourcecode.swift; path = fetchImagesUITestsLaunchTests.swift; sourceTree = "<group>"; };
		B92810E927DD34F1009973A7 /* EndpointType.swift */ = {isa = PBXFileReference; lastKnownFileType = sourcecode.swift; path = EndpointType.swift; sourceTree = "<group>"; };
		B92810ED27DD3590009973A7 /* StringsHelper.swift */ = {isa = PBXFileReference; lastKnownFileType = sourcecode.swift; path = StringsHelper.swift; sourceTree = "<group>"; };
		B92810F327DD37F5009973A7 /* ImageRequest.swift */ = {isa = PBXFileReference; lastKnownFileType = sourcecode.swift; path = ImageRequest.swift; sourceTree = "<group>"; };
		B92810F627DD3C6F009973A7 /* ImageSearchResult.swift */ = {isa = PBXFileReference; lastKnownFileType = sourcecode.swift; path = ImageSearchResult.swift; sourceTree = "<group>"; };
		B92810F927DD4457009973A7 /* ImageSearchViewModel.swift */ = {isa = PBXFileReference; lastKnownFileType = sourcecode.swift; path = ImageSearchViewModel.swift; sourceTree = "<group>"; };
		B92810FD27DE5D6A009973A7 /* ImageLoader.swift */ = {isa = PBXFileReference; fileEncoding = 4; lastKnownFileType = sourcecode.swift; path = ImageLoader.swift; sourceTree = "<group>"; };
		B92810FF27DE5D74009973A7 /* AsyncImageView.swift */ = {isa = PBXFileReference; fileEncoding = 4; lastKnownFileType = sourcecode.swift; path = AsyncImageView.swift; sourceTree = "<group>"; };
		B928110127DE5EDB009973A7 /* SpinnerLoading.swift */ = {isa = PBXFileReference; lastKnownFileType = sourcecode.swift; path = SpinnerLoading.swift; sourceTree = "<group>"; };
/* End PBXFileReference section */

/* Begin PBXFrameworksBuildPhase section */
		B92810B327DD33F0009973A7 /* Frameworks */ = {
			isa = PBXFrameworksBuildPhase;
			buildActionMask = 2147483647;
			files = (
			);
			runOnlyForDeploymentPostprocessing = 0;
		};
		B92810C927DD33F3009973A7 /* Frameworks */ = {
			isa = PBXFrameworksBuildPhase;
			buildActionMask = 2147483647;
			files = (
			);
			runOnlyForDeploymentPostprocessing = 0;
		};
		B92810D327DD33F3009973A7 /* Frameworks */ = {
			isa = PBXFrameworksBuildPhase;
			buildActionMask = 2147483647;
			files = (
			);
			runOnlyForDeploymentPostprocessing = 0;
		};
/* End PBXFrameworksBuildPhase section */

/* Begin PBXGroup section */
		B918EB8627DF7D3D00911743 /* AlbumCollectionList */ = {
			isa = PBXGroup;
			children = (
				B918EB9927DF830000911743 /* DataSource */,
				B918EB8727DF7D7200911743 /* AlbumCollectionListPresenter.swift */,
				B918EB8827DF7D7200911743 /* AlbumCollectionListProtocols.swift */,
				B918EB8927DF7D7200911743 /* AlbumCollectionListInteractor.swift */,
				B918EB8A27DF7D7200911743 /* AlbumCollectionListView.swift */,
				B918EB8C27DF7D7200911743 /* AlbumCollectionListWireframe.swift */,
			);
			path = AlbumCollectionList;
			sourceTree = "<group>";
		};
		B918EB9927DF830000911743 /* DataSource */ = {
			isa = PBXGroup;
			children = (
				B918EB9A27DF836400911743 /* AlbumColletionDataSource.swift */,
				B918EB9C27DF846F00911743 /* ImageViewCell.swift */,
			);
			path = DataSource;
			sourceTree = "<group>";
		};
		B92810AD27DD33F0009973A7 = {
			isa = PBXGroup;
			children = (
				B92810B827DD33F0009973A7 /* fetchImages */,
				B92810CF27DD33F3009973A7 /* fetchImagesTests */,
				B92810D927DD33F3009973A7 /* fetchImagesUITests */,
				B92810B727DD33F0009973A7 /* Products */,
			);
			sourceTree = "<group>";
		};
		B92810B727DD33F0009973A7 /* Products */ = {
			isa = PBXGroup;
			children = (
				B92810B627DD33F0009973A7 /* fetchImages.app */,
				B92810CC27DD33F3009973A7 /* fetchImagesTests.xctest */,
				B92810D627DD33F3009973A7 /* fetchImagesUITests.xctest */,
			);
			name = Products;
			sourceTree = "<group>";
		};
		B92810B827DD33F0009973A7 /* fetchImages */ = {
			isa = PBXGroup;
			children = (
				B92810FB27DE5D41009973A7 /* Views */,
				B92810F027DD377D009973A7 /* Supporting Files */,
				B92810F527DD3C42009973A7 /* Entities */,
				B92810F127DD37C9009973A7 /* Modules */,
				B92810EF27DD3766009973A7 /* Network */,
				B92810EC27DD3572009973A7 /* Extensions */,
				B92810EB27DD355E009973A7 /* Utils */,
			);
			path = fetchImages;
			sourceTree = "<group>";
		};
		B92810CF27DD33F3009973A7 /* fetchImagesTests */ = {
			isa = PBXGroup;
			children = (
				B92810D027DD33F3009973A7 /* fetchImagesTests.swift */,
			);
			path = fetchImagesTests;
			sourceTree = "<group>";
		};
		B92810D927DD33F3009973A7 /* fetchImagesUITests */ = {
			isa = PBXGroup;
			children = (
				B92810DA27DD33F3009973A7 /* fetchImagesUITests.swift */,
				B92810DC27DD33F3009973A7 /* fetchImagesUITestsLaunchTests.swift */,
			);
			path = fetchImagesUITests;
			sourceTree = "<group>";
		};
		B92810EB27DD355E009973A7 /* Utils */ = {
			isa = PBXGroup;
			children = (
			);
			path = Utils;
			sourceTree = "<group>";
		};
		B92810EC27DD3572009973A7 /* Extensions */ = {
			isa = PBXGroup;
			children = (
				B92810ED27DD3590009973A7 /* StringsHelper.swift */,
				B918EB9327DF7DF500911743 /* UIViewControllerExtension.swift */,
				B918EB9527DF7E1900911743 /* StoryboardExtension.swift */,
				B918EBA027DFD89100911743 /* UIImageExtensions.swift */,
			);
			path = Extensions;
			sourceTree = "<group>";
		};
		B92810EF27DD3766009973A7 /* Network */ = {
			isa = PBXGroup;
			children = (
				B92810F227DD37DF009973A7 /* Base */,
				B92810F327DD37F5009973A7 /* ImageRequest.swift */,
			);
			path = Network;
			sourceTree = "<group>";
		};
		B92810F027DD377D009973A7 /* Supporting Files */ = {
			isa = PBXGroup;
			children = (
				B92810C427DD33F3009973A7 /* LaunchScreen.storyboard */,
				B92810BB27DD33F1009973A7 /* SceneDelegate.swift */,
				B92810C227DD33F3009973A7 /* Assets.xcassets */,
				B92810C727DD33F3009973A7 /* Info.plist */,
				B92810B927DD33F1009973A7 /* AppDelegate.swift */,
			);
			path = "Supporting Files";
			sourceTree = "<group>";
		};
		B92810F127DD37C9009973A7 /* Modules */ = {
			isa = PBXGroup;
			children = (
				B918EB8627DF7D3D00911743 /* AlbumCollectionList */,
				B92810F827DD442D009973A7 /* AlbumList */,
				B92810BF27DD33F1009973A7 /* Main.storyboard */,
			);
			path = Modules;
			sourceTree = "<group>";
		};
		B92810F227DD37DF009973A7 /* Base */ = {
			isa = PBXGroup;
			children = (
				B92810E927DD34F1009973A7 /* EndpointType.swift */,
				B918EB9727DF7F9600911743 /* BaseRequest.swift */,
			);
			path = Base;
			sourceTree = "<group>";
		};
		B92810F527DD3C42009973A7 /* Entities */ = {
			isa = PBXGroup;
			children = (
				B92810F627DD3C6F009973A7 /* ImageSearchResult.swift */,
			);
			path = Entities;
			sourceTree = "<group>";
		};
		B92810F827DD442D009973A7 /* AlbumList */ = {
			isa = PBXGroup;
			children = (
				B92810BD27DD33F1009973A7 /* HomeView.swift */,
				B92810F927DD4457009973A7 /* ImageSearchViewModel.swift */,
			);
			path = AlbumList;
			sourceTree = "<group>";
		};
		B92810FB27DE5D41009973A7 /* Views */ = {
			isa = PBXGroup;
			children = (
				B928110127DE5EDB009973A7 /* SpinnerLoading.swift */,
				B92810FC27DE5D58009973A7 /* ImageLoader */,
			);
			path = Views;
			sourceTree = "<group>";
		};
		B92810FC27DE5D58009973A7 /* ImageLoader */ = {
			isa = PBXGroup;
			children = (
				B92810FF27DE5D74009973A7 /* AsyncImageView.swift */,
				B92810FD27DE5D6A009973A7 /* ImageLoader.swift */,
				B918EB9E27DFD7CF00911743 /* CacheImage.swift */,
			);
			path = ImageLoader;
			sourceTree = "<group>";
		};
/* End PBXGroup section */

/* Begin PBXNativeTarget section */
		B92810B527DD33F0009973A7 /* fetchImages */ = {
			isa = PBXNativeTarget;
			buildConfigurationList = B92810E027DD33F3009973A7 /* Build configuration list for PBXNativeTarget "fetchImages" */;
			buildPhases = (
				B92810B227DD33F0009973A7 /* Sources */,
				B92810B327DD33F0009973A7 /* Frameworks */,
				B92810B427DD33F0009973A7 /* Resources */,
			);
			buildRules = (
			);
			dependencies = (
			);
			name = fetchImages;
			productName = fetchImages;
			productReference = B92810B627DD33F0009973A7 /* fetchImages.app */;
			productType = "com.apple.product-type.application";
		};
		B92810CB27DD33F3009973A7 /* fetchImagesTests */ = {
			isa = PBXNativeTarget;
			buildConfigurationList = B92810E327DD33F3009973A7 /* Build configuration list for PBXNativeTarget "fetchImagesTests" */;
			buildPhases = (
				B92810C827DD33F3009973A7 /* Sources */,
				B92810C927DD33F3009973A7 /* Frameworks */,
				B92810CA27DD33F3009973A7 /* Resources */,
			);
			buildRules = (
			);
			dependencies = (
				B92810CE27DD33F3009973A7 /* PBXTargetDependency */,
			);
			name = fetchImagesTests;
			productName = fetchImagesTests;
			productReference = B92810CC27DD33F3009973A7 /* fetchImagesTests.xctest */;
			productType = "com.apple.product-type.bundle.unit-test";
		};
		B92810D527DD33F3009973A7 /* fetchImagesUITests */ = {
			isa = PBXNativeTarget;
			buildConfigurationList = B92810E627DD33F3009973A7 /* Build configuration list for PBXNativeTarget "fetchImagesUITests" */;
			buildPhases = (
				B92810D227DD33F3009973A7 /* Sources */,
				B92810D327DD33F3009973A7 /* Frameworks */,
				B92810D427DD33F3009973A7 /* Resources */,
			);
			buildRules = (
			);
			dependencies = (
				B92810D827DD33F3009973A7 /* PBXTargetDependency */,
			);
			name = fetchImagesUITests;
			productName = fetchImagesUITests;
			productReference = B92810D627DD33F3009973A7 /* fetchImagesUITests.xctest */;
			productType = "com.apple.product-type.bundle.ui-testing";
		};
/* End PBXNativeTarget section */

/* Begin PBXProject section */
		B92810AE27DD33F0009973A7 /* Project object */ = {
			isa = PBXProject;
			attributes = {
				BuildIndependentTargetsInParallel = 1;
				LastSwiftUpdateCheck = 1320;
				LastUpgradeCheck = 1320;
				TargetAttributes = {
					B92810B527DD33F0009973A7 = {
						CreatedOnToolsVersion = 13.2.1;
					};
					B92810CB27DD33F3009973A7 = {
						CreatedOnToolsVersion = 13.2.1;
						TestTargetID = B92810B527DD33F0009973A7;
					};
					B92810D527DD33F3009973A7 = {
						CreatedOnToolsVersion = 13.2.1;
						TestTargetID = B92810B527DD33F0009973A7;
					};
				};
			};
			buildConfigurationList = B92810B127DD33F0009973A7 /* Build configuration list for PBXProject "fetchImages" */;
			compatibilityVersion = "Xcode 13.0";
			developmentRegion = en;
			hasScannedForEncodings = 0;
			knownRegions = (
				en,
				Base,
			);
			mainGroup = B92810AD27DD33F0009973A7;
			productRefGroup = B92810B727DD33F0009973A7 /* Products */;
			projectDirPath = "";
			projectRoot = "";
			targets = (
				B92810B527DD33F0009973A7 /* fetchImages */,
				B92810CB27DD33F3009973A7 /* fetchImagesTests */,
				B92810D527DD33F3009973A7 /* fetchImagesUITests */,
			);
		};
/* End PBXProject section */

/* Begin PBXResourcesBuildPhase section */
		B92810B427DD33F0009973A7 /* Resources */ = {
			isa = PBXResourcesBuildPhase;
			buildActionMask = 2147483647;
			files = (
				B92810C627DD33F3009973A7 /* LaunchScreen.storyboard in Resources */,
				B92810C327DD33F3009973A7 /* Assets.xcassets in Resources */,
				B92810C127DD33F1009973A7 /* Main.storyboard in Resources */,
			);
			runOnlyForDeploymentPostprocessing = 0;
		};
		B92810CA27DD33F3009973A7 /* Resources */ = {
			isa = PBXResourcesBuildPhase;
			buildActionMask = 2147483647;
			files = (
			);
			runOnlyForDeploymentPostprocessing = 0;
		};
		B92810D427DD33F3009973A7 /* Resources */ = {
			isa = PBXResourcesBuildPhase;
			buildActionMask = 2147483647;
			files = (
			);
			runOnlyForDeploymentPostprocessing = 0;
		};
/* End PBXResourcesBuildPhase section */

/* Begin PBXSourcesBuildPhase section */
		B92810B227DD33F0009973A7 /* Sources */ = {
			isa = PBXSourcesBuildPhase;
			buildActionMask = 2147483647;
			files = (
				B92810EA27DD34F1009973A7 /* EndpointType.swift in Sources */,
				B918EB9D27DF846F00911743 /* ImageViewCell.swift in Sources */,
				B92810F427DD37F5009973A7 /* ImageRequest.swift in Sources */,
				B918EB8E27DF7D7200911743 /* AlbumCollectionListProtocols.swift in Sources */,
				B918EB9F27DFD7CF00911743 /* CacheImage.swift in Sources */,
				B918EB9827DF7F9600911743 /* BaseRequest.swift in Sources */,
				B92810FA27DD4457009973A7 /* ImageSearchViewModel.swift in Sources */,
				B918EBA127DFD89200911743 /* UIImageExtensions.swift in Sources */,
				B918EB9627DF7E1900911743 /* StoryboardExtension.swift in Sources */,
				B918EB9427DF7DF500911743 /* UIViewControllerExtension.swift in Sources */,
				B928110227DE5F4E009973A7 /* SpinnerLoading.swift in Sources */,
				B92810EE27DD3590009973A7 /* StringsHelper.swift in Sources */,
				B918EB9027DF7D7200911743 /* AlbumCollectionListView.swift in Sources */,
				B92810BE27DD33F1009973A7 /* HomeView.swift in Sources */,
				B918EB9227DF7D7200911743 /* AlbumCollectionListWireframe.swift in Sources */,
				B92810FE27DE5D6A009973A7 /* ImageLoader.swift in Sources */,
				B928110027DE5D74009973A7 /* AsyncImageView.swift in Sources */,
				B918EB9B27DF836400911743 /* AlbumColletionDataSource.swift in Sources */,
				B92810BA27DD33F1009973A7 /* AppDelegate.swift in Sources */,
				B918EB8F27DF7D7200911743 /* AlbumCollectionListInteractor.swift in Sources */,
				B92810BC27DD33F1009973A7 /* SceneDelegate.swift in Sources */,
				B918EB8D27DF7D7200911743 /* AlbumCollectionListPresenter.swift in Sources */,
				B92810F727DD3C6F009973A7 /* ImageSearchResult.swift in Sources */,
			);
			runOnlyForDeploymentPostprocessing = 0;
		};
		B92810C827DD33F3009973A7 /* Sources */ = {
			isa = PBXSourcesBuildPhase;
			buildActionMask = 2147483647;
			files = (
				B92810D127DD33F3009973A7 /* fetchImagesTests.swift in Sources */,
			);
			runOnlyForDeploymentPostprocessing = 0;
		};
		B92810D227DD33F3009973A7 /* Sources */ = {
			isa = PBXSourcesBuildPhase;
			buildActionMask = 2147483647;
			files = (
				B92810DB27DD33F3009973A7 /* fetchImagesUITests.swift in Sources */,
				B92810DD27DD33F3009973A7 /* fetchImagesUITestsLaunchTests.swift in Sources */,
			);
			runOnlyForDeploymentPostprocessing = 0;
		};
/* End PBXSourcesBuildPhase section */

/* Begin PBXTargetDependency section */
		B92810CE27DD33F3009973A7 /* PBXTargetDependency */ = {
			isa = PBXTargetDependency;
			target = B92810B527DD33F0009973A7 /* fetchImages */;
			targetProxy = B92810CD27DD33F3009973A7 /* PBXContainerItemProxy */;
		};
		B92810D827DD33F3009973A7 /* PBXTargetDependency */ = {
			isa = PBXTargetDependency;
			target = B92810B527DD33F0009973A7 /* fetchImages */;
			targetProxy = B92810D727DD33F3009973A7 /* PBXContainerItemProxy */;
		};
/* End PBXTargetDependency section */

/* Begin PBXVariantGroup section */
		B92810BF27DD33F1009973A7 /* Main.storyboard */ = {
			isa = PBXVariantGroup;
			children = (
				B92810C027DD33F1009973A7 /* Base */,
			);
			name = Main.storyboard;
			sourceTree = "<group>";
		};
		B92810C427DD33F3009973A7 /* LaunchScreen.storyboard */ = {
			isa = PBXVariantGroup;
			children = (
				B92810C527DD33F3009973A7 /* Base */,
			);
			name = LaunchScreen.storyboard;
			sourceTree = "<group>";
		};
/* End PBXVariantGroup section */

/* Begin XCBuildConfiguration section */
		B92810DE27DD33F3009973A7 /* Debug */ = {
			isa = XCBuildConfiguration;
			buildSettings = {
				ALWAYS_SEARCH_USER_PATHS = NO;
				CLANG_ANALYZER_NONNULL = YES;
				CLANG_ANALYZER_NUMBER_OBJECT_CONVERSION = YES_AGGRESSIVE;
				CLANG_CXX_LANGUAGE_STANDARD = "gnu++17";
				CLANG_CXX_LIBRARY = "libc++";
				CLANG_ENABLE_MODULES = YES;
				CLANG_ENABLE_OBJC_ARC = YES;
				CLANG_ENABLE_OBJC_WEAK = YES;
				CLANG_WARN_BLOCK_CAPTURE_AUTORELEASING = YES;
				CLANG_WARN_BOOL_CONVERSION = YES;
				CLANG_WARN_COMMA = YES;
				CLANG_WARN_CONSTANT_CONVERSION = YES;
				CLANG_WARN_DEPRECATED_OBJC_IMPLEMENTATIONS = YES;
				CLANG_WARN_DIRECT_OBJC_ISA_USAGE = YES_ERROR;
				CLANG_WARN_DOCUMENTATION_COMMENTS = YES;
				CLANG_WARN_EMPTY_BODY = YES;
				CLANG_WARN_ENUM_CONVERSION = YES;
				CLANG_WARN_INFINITE_RECURSION = YES;
				CLANG_WARN_INT_CONVERSION = YES;
				CLANG_WARN_NON_LITERAL_NULL_CONVERSION = YES;
				CLANG_WARN_OBJC_IMPLICIT_RETAIN_SELF = YES;
				CLANG_WARN_OBJC_LITERAL_CONVERSION = YES;
				CLANG_WARN_OBJC_ROOT_CLASS = YES_ERROR;
				CLANG_WARN_QUOTED_INCLUDE_IN_FRAMEWORK_HEADER = YES;
				CLANG_WARN_RANGE_LOOP_ANALYSIS = YES;
				CLANG_WARN_STRICT_PROTOTYPES = YES;
				CLANG_WARN_SUSPICIOUS_MOVE = YES;
				CLANG_WARN_UNGUARDED_AVAILABILITY = YES_AGGRESSIVE;
				CLANG_WARN_UNREACHABLE_CODE = YES;
				CLANG_WARN__DUPLICATE_METHOD_MATCH = YES;
				COPY_PHASE_STRIP = NO;
				DEBUG_INFORMATION_FORMAT = dwarf;
				ENABLE_STRICT_OBJC_MSGSEND = YES;
				ENABLE_TESTABILITY = YES;
				GCC_C_LANGUAGE_STANDARD = gnu11;
				GCC_DYNAMIC_NO_PIC = NO;
				GCC_NO_COMMON_BLOCKS = YES;
				GCC_OPTIMIZATION_LEVEL = 0;
				GCC_PREPROCESSOR_DEFINITIONS = (
					"DEBUG=1",
					"$(inherited)",
				);
				GCC_WARN_64_TO_32_BIT_CONVERSION = YES;
				GCC_WARN_ABOUT_RETURN_TYPE = YES_ERROR;
				GCC_WARN_UNDECLARED_SELECTOR = YES;
				GCC_WARN_UNINITIALIZED_AUTOS = YES_AGGRESSIVE;
				GCC_WARN_UNUSED_FUNCTION = YES;
				GCC_WARN_UNUSED_VARIABLE = YES;
				IPHONEOS_DEPLOYMENT_TARGET = 15.2;
				MTL_ENABLE_DEBUG_INFO = INCLUDE_SOURCE;
				MTL_FAST_MATH = YES;
				ONLY_ACTIVE_ARCH = YES;
				SDKROOT = iphoneos;
				SWIFT_ACTIVE_COMPILATION_CONDITIONS = DEBUG;
				SWIFT_OPTIMIZATION_LEVEL = "-Onone";
			};
			name = Debug;
		};
		B92810DF27DD33F3009973A7 /* Release */ = {
			isa = XCBuildConfiguration;
			buildSettings = {
				ALWAYS_SEARCH_USER_PATHS = NO;
				CLANG_ANALYZER_NONNULL = YES;
				CLANG_ANALYZER_NUMBER_OBJECT_CONVERSION = YES_AGGRESSIVE;
				CLANG_CXX_LANGUAGE_STANDARD = "gnu++17";
				CLANG_CXX_LIBRARY = "libc++";
				CLANG_ENABLE_MODULES = YES;
				CLANG_ENABLE_OBJC_ARC = YES;
				CLANG_ENABLE_OBJC_WEAK = YES;
				CLANG_WARN_BLOCK_CAPTURE_AUTORELEASING = YES;
				CLANG_WARN_BOOL_CONVERSION = YES;
				CLANG_WARN_COMMA = YES;
				CLANG_WARN_CONSTANT_CONVERSION = YES;
				CLANG_WARN_DEPRECATED_OBJC_IMPLEMENTATIONS = YES;
				CLANG_WARN_DIRECT_OBJC_ISA_USAGE = YES_ERROR;
				CLANG_WARN_DOCUMENTATION_COMMENTS = YES;
				CLANG_WARN_EMPTY_BODY = YES;
				CLANG_WARN_ENUM_CONVERSION = YES;
				CLANG_WARN_INFINITE_RECURSION = YES;
				CLANG_WARN_INT_CONVERSION = YES;
				CLANG_WARN_NON_LITERAL_NULL_CONVERSION = YES;
				CLANG_WARN_OBJC_IMPLICIT_RETAIN_SELF = YES;
				CLANG_WARN_OBJC_LITERAL_CONVERSION = YES;
				CLANG_WARN_OBJC_ROOT_CLASS = YES_ERROR;
				CLANG_WARN_QUOTED_INCLUDE_IN_FRAMEWORK_HEADER = YES;
				CLANG_WARN_RANGE_LOOP_ANALYSIS = YES;
				CLANG_WARN_STRICT_PROTOTYPES = YES;
				CLANG_WARN_SUSPICIOUS_MOVE = YES;
				CLANG_WARN_UNGUARDED_AVAILABILITY = YES_AGGRESSIVE;
				CLANG_WARN_UNREACHABLE_CODE = YES;
				CLANG_WARN__DUPLICATE_METHOD_MATCH = YES;
				COPY_PHASE_STRIP = NO;
				DEBUG_INFORMATION_FORMAT = "dwarf-with-dsym";
				ENABLE_NS_ASSERTIONS = NO;
				ENABLE_STRICT_OBJC_MSGSEND = YES;
				GCC_C_LANGUAGE_STANDARD = gnu11;
				GCC_NO_COMMON_BLOCKS = YES;
				GCC_WARN_64_TO_32_BIT_CONVERSION = YES;
				GCC_WARN_ABOUT_RETURN_TYPE = YES_ERROR;
				GCC_WARN_UNDECLARED_SELECTOR = YES;
				GCC_WARN_UNINITIALIZED_AUTOS = YES_AGGRESSIVE;
				GCC_WARN_UNUSED_FUNCTION = YES;
				GCC_WARN_UNUSED_VARIABLE = YES;
				IPHONEOS_DEPLOYMENT_TARGET = 15.2;
				MTL_ENABLE_DEBUG_INFO = NO;
				MTL_FAST_MATH = YES;
				SDKROOT = iphoneos;
				SWIFT_COMPILATION_MODE = wholemodule;
				SWIFT_OPTIMIZATION_LEVEL = "-O";
				VALIDATE_PRODUCT = YES;
			};
			name = Release;
		};
		B92810E127DD33F3009973A7 /* Debug */ = {
			isa = XCBuildConfiguration;
			buildSettings = {
				ASSETCATALOG_COMPILER_APPICON_NAME = AppIcon;
				ASSETCATALOG_COMPILER_GLOBAL_ACCENT_COLOR_NAME = AccentColor;
				CODE_SIGN_STYLE = Automatic;
				CURRENT_PROJECT_VERSION = 1;
				DEVELOPMENT_TEAM = L2B57UYMNM;
				GENERATE_INFOPLIST_FILE = YES;
				INFOPLIST_FILE = "fetchImages/Supporting Files/Info.plist";
				INFOPLIST_KEY_UIApplicationSupportsIndirectInputEvents = YES;
				INFOPLIST_KEY_UILaunchStoryboardName = LaunchScreen;
				INFOPLIST_KEY_UIMainStoryboardFile = Main;
				INFOPLIST_KEY_UISupportedInterfaceOrientations_iPad = "UIInterfaceOrientationPortrait UIInterfaceOrientationPortraitUpsideDown UIInterfaceOrientationLandscapeLeft UIInterfaceOrientationLandscapeRight";
				INFOPLIST_KEY_UISupportedInterfaceOrientations_iPhone = "UIInterfaceOrientationPortrait UIInterfaceOrientationLandscapeLeft UIInterfaceOrientationLandscapeRight";
				LD_RUNPATH_SEARCH_PATHS = (
					"$(inherited)",
					"@executable_path/Frameworks",
				);
				MARKETING_VERSION = 1.0;
				PRODUCT_BUNDLE_IDENTIFIER = br.com.gerlandiolucena.ventest.fetchImages;
				PRODUCT_NAME = "$(TARGET_NAME)";
				SWIFT_EMIT_LOC_STRINGS = YES;
				SWIFT_VERSION = 5.0;
				TARGETED_DEVICE_FAMILY = "1,2";
			};
			name = Debug;
		};
		B92810E227DD33F3009973A7 /* Release */ = {
			isa = XCBuildConfiguration;
			buildSettings = {
				ASSETCATALOG_COMPILER_APPICON_NAME = AppIcon;
				ASSETCATALOG_COMPILER_GLOBAL_ACCENT_COLOR_NAME = AccentColor;
				CODE_SIGN_STYLE = Automatic;
				CURRENT_PROJECT_VERSION = 1;
				DEVELOPMENT_TEAM = L2B57UYMNM;
				GENERATE_INFOPLIST_FILE = YES;
				INFOPLIST_FILE = "fetchImages/Supporting Files/Info.plist";
				INFOPLIST_KEY_UIApplicationSupportsIndirectInputEvents = YES;
				INFOPLIST_KEY_UILaunchStoryboardName = LaunchScreen;
				INFOPLIST_KEY_UIMainStoryboardFile = Main;
				INFOPLIST_KEY_UISupportedInterfaceOrientations_iPad = "UIInterfaceOrientationPortrait UIInterfaceOrientationPortraitUpsideDown UIInterfaceOrientationLandscapeLeft UIInterfaceOrientationLandscapeRight";
				INFOPLIST_KEY_UISupportedInterfaceOrientations_iPhone = "UIInterfaceOrientationPortrait UIInterfaceOrientationLandscapeLeft UIInterfaceOrientationLandscapeRight";
				LD_RUNPATH_SEARCH_PATHS = (
					"$(inherited)",
					"@executable_path/Frameworks",
				);
				MARKETING_VERSION = 1.0;
				PRODUCT_BUNDLE_IDENTIFIER = br.com.gerlandiolucena.ventest.fetchImages;
				PRODUCT_NAME = "$(TARGET_NAME)";
				SWIFT_EMIT_LOC_STRINGS = YES;
				SWIFT_VERSION = 5.0;
				TARGETED_DEVICE_FAMILY = "1,2";
			};
			name = Release;
		};
		B92810E427DD33F3009973A7 /* Debug */ = {
			isa = XCBuildConfiguration;
			buildSettings = {
				ALWAYS_EMBED_SWIFT_STANDARD_LIBRARIES = YES;
				BUNDLE_LOADER = "$(TEST_HOST)";
				CODE_SIGN_STYLE = Automatic;
				CURRENT_PROJECT_VERSION = 1;
				DEVELOPMENT_TEAM = L2B57UYMNM;
				GENERATE_INFOPLIST_FILE = YES;
				IPHONEOS_DEPLOYMENT_TARGET = 15.2;
				MARKETING_VERSION = 1.0;
				PRODUCT_BUNDLE_IDENTIFIER = br.com.gerlandiolucena.ventest.fetchImagesTests;
				PRODUCT_NAME = "$(TARGET_NAME)";
				SWIFT_EMIT_LOC_STRINGS = NO;
				SWIFT_VERSION = 5.0;
				TARGETED_DEVICE_FAMILY = "1,2";
				TEST_HOST = "$(BUILT_PRODUCTS_DIR)/fetchImages.app/fetchImages";
			};
			name = Debug;
		};
		B92810E527DD33F3009973A7 /* Release */ = {
			isa = XCBuildConfiguration;
			buildSettings = {
				ALWAYS_EMBED_SWIFT_STANDARD_LIBRARIES = YES;
				BUNDLE_LOADER = "$(TEST_HOST)";
				CODE_SIGN_STYLE = Automatic;
				CURRENT_PROJECT_VERSION = 1;
				DEVELOPMENT_TEAM = L2B57UYMNM;
				GENERATE_INFOPLIST_FILE = YES;
				IPHONEOS_DEPLOYMENT_TARGET = 15.2;
				MARKETING_VERSION = 1.0;
				PRODUCT_BUNDLE_IDENTIFIER = br.com.gerlandiolucena.ventest.fetchImagesTests;
				PRODUCT_NAME = "$(TARGET_NAME)";
				SWIFT_EMIT_LOC_STRINGS = NO;
				SWIFT_VERSION = 5.0;
				TARGETED_DEVICE_FAMILY = "1,2";
				TEST_HOST = "$(BUILT_PRODUCTS_DIR)/fetchImages.app/fetchImages";
			};
			name = Release;
		};
		B92810E727DD33F3009973A7 /* Debug */ = {
			isa = XCBuildConfiguration;
			buildSettings = {
				ALWAYS_EMBED_SWIFT_STANDARD_LIBRARIES = YES;
				CODE_SIGN_STYLE = Automatic;
				CURRENT_PROJECT_VERSION = 1;
				DEVELOPMENT_TEAM = L2B57UYMNM;
				GENERATE_INFOPLIST_FILE = YES;
				MARKETING_VERSION = 1.0;
				PRODUCT_BUNDLE_IDENTIFIER = br.com.gerlandiolucena.ventest.fetchImagesUITests;
				PRODUCT_NAME = "$(TARGET_NAME)";
				SWIFT_EMIT_LOC_STRINGS = NO;
				SWIFT_VERSION = 5.0;
				TARGETED_DEVICE_FAMILY = "1,2";
				TEST_TARGET_NAME = fetchImages;
			};
			name = Debug;
		};
		B92810E827DD33F3009973A7 /* Release */ = {
			isa = XCBuildConfiguration;
			buildSettings = {
				ALWAYS_EMBED_SWIFT_STANDARD_LIBRARIES = YES;
				CODE_SIGN_STYLE = Automatic;
				CURRENT_PROJECT_VERSION = 1;
				DEVELOPMENT_TEAM = L2B57UYMNM;
				GENERATE_INFOPLIST_FILE = YES;
				MARKETING_VERSION = 1.0;
				PRODUCT_BUNDLE_IDENTIFIER = br.com.gerlandiolucena.ventest.fetchImagesUITests;
				PRODUCT_NAME = "$(TARGET_NAME)";
				SWIFT_EMIT_LOC_STRINGS = NO;
				SWIFT_VERSION = 5.0;
				TARGETED_DEVICE_FAMILY = "1,2";
				TEST_TARGET_NAME = fetchImages;
			};
			name = Release;
		};
/* End XCBuildConfiguration section */

/* Begin XCConfigurationList section */
		B92810B127DD33F0009973A7 /* Build configuration list for PBXProject "fetchImages" */ = {
			isa = XCConfigurationList;
			buildConfigurations = (
				B92810DE27DD33F3009973A7 /* Debug */,
				B92810DF27DD33F3009973A7 /* Release */,
			);
			defaultConfigurationIsVisible = 0;
			defaultConfigurationName = Release;
		};
		B92810E027DD33F3009973A7 /* Build configuration list for PBXNativeTarget "fetchImages" */ = {
			isa = XCConfigurationList;
			buildConfigurations = (
				B92810E127DD33F3009973A7 /* Debug */,
				B92810E227DD33F3009973A7 /* Release */,
			);
			defaultConfigurationIsVisible = 0;
			defaultConfigurationName = Release;
		};
		B92810E327DD33F3009973A7 /* Build configuration list for PBXNativeTarget "fetchImagesTests" */ = {
			isa = XCConfigurationList;
			buildConfigurations = (
				B92810E427DD33F3009973A7 /* Debug */,
				B92810E527DD33F3009973A7 /* Release */,
			);
			defaultConfigurationIsVisible = 0;
			defaultConfigurationName = Release;
		};
		B92810E627DD33F3009973A7 /* Build configuration list for PBXNativeTarget "fetchImagesUITests" */ = {
			isa = XCConfigurationList;
			buildConfigurations = (
				B92810E727DD33F3009973A7 /* Debug */,
				B92810E827DD33F3009973A7 /* Release */,
			);
			defaultConfigurationIsVisible = 0;
			defaultConfigurationName = Release;
		};
/* End XCConfigurationList section */
	};
	rootObject = B92810AE27DD33F0009973A7 /* Project object */;
}
